
Microsoft Visual Studio Solution File, Format Version 12.00
# Visual Studio Version 17
VisualStudioVersion = 17.0.31903.59
MinimumVisualStudioVersion = 10.0.40219.1
Project("{FAE04EC0-301F-11D3-BF4B-00C04F79EFBC}") = "BlazBones", "BlazBones\BlazBones.csproj", "{292D7539-86D4-45FA-B29E-BCA6156C49ED}"
EndProject
Global
	GlobalSection(SolutionConfigurationPlatforms) = preSolution
		Debug|Any CPU = Debug|Any CPU
		Debug|x64 = Debug|x64
		Debug|x86 = Debug|x86
		Release|Any CPU = Release|Any CPU
		Release|x64 = Release|x64
		Release|x86 = Release|x86
	EndGlobalSection
	GlobalSection(ProjectConfigurationPlatforms) = postSolution
		{292D7539-86D4-45FA-B29E-BCA6156C49ED}.Debug|Any CPU.ActiveCfg = Debug|Any CPU
		{292D7539-86D4-45FA-B29E-BCA6156C49ED}.Debug|Any CPU.Build.0 = Debug|Any CPU
		{292D7539-86D4-45FA-B29E-BCA6156C49ED}.Debug|x64.ActiveCfg = Debug|Any CPU
		{292D7539-86D4-45FA-B29E-BCA6156C49ED}.Debug|x64.Build.0 = Debug|Any CPU
		{292D7539-86D4-45FA-B29E-BCA6156C49ED}.Debug|x86.ActiveCfg = Debug|Any CPU
		{292D7539-86D4-45FA-B29E-BCA6156C49ED}.Debug|x86.Build.0 = Debug|Any CPU
		{292D7539-86D4-45FA-B29E-BCA6156C49ED}.Release|Any CPU.ActiveCfg = Release|Any CPU
		{292D7539-86D4-45FA-B29E-BCA6156C49ED}.Release|Any CPU.Build.0 = Release|Any CPU
		{292D7539-86D4-45FA-B29E-BCA6156C49ED}.Release|x64.ActiveCfg = Release|Any CPU
		{292D7539-86D4-45FA-B29E-BCA6156C49ED}.Release|x64.Build.0 = Release|Any CPU
		{292D7539-86D4-45FA-B29E-BCA6156C49ED}.Release|x86.ActiveCfg = Release|Any CPU
		{292D7539-86D4-45FA-B29E-BCA6156C49ED}.Release|x86.Build.0 = Release|Any CPU
	EndGlobalSection
	GlobalSection(SolutionProperties) = preSolution
		HideSolutionNode = FALSE
	EndGlobalSection
EndGlobal
